
Microsoft Visual Studio Solution File, Format Version 10.00
# Visual Studio 2008
Project("{FAE04EC0-301F-11D3-BF4B-00C04F79EFBC}") = "DAL", "DAL\DAL.csproj", "{130D3235-5567-4B27-A0B9-EAAADABFA3C2}"
EndProject
Project("{FAE04EC0-301F-11D3-BF4B-00C04F79EFBC}") = "Data", "Data\Data.csproj", "{18240ECE-D226-4D6F-8F68-B58DB0FF233D}"
EndProject
Project("{FAE04EC0-301F-11D3-BF4B-00C04F79EFBC}") = "Flow", "Flow\Flow.csproj", "{4FC486BA-B5C8-427A-8143-5D571DF3E85E}"
EndProject
Project("{FAE04EC0-301F-11D3-BF4B-00C04F79EFBC}") = "WebControls", "WebControls\WebControls.csproj", "{AEC017D6-7AA7-44B1-9038-7A2CFE58E4C2}"
EndProject
Project("{E24C65DC-7377-472B-9ABA-BC803B73C61A}") = "Web_Admin", "Web_Admin\", "{555C052B-CA3A-4482-9E96-EB079A3570C6}"
	ProjectSection(WebsiteProperties) = preProject
		SccProjectName = ""
		SccAuxPath = ""
		SccLocalPath = ""
		SccProvider = ""
		TargetFramework = "3.5"
		ProjectReferences = "{130D3235-5567-4B27-A0B9-EAAADABFA3C2}|DAL.dll;{4FC486BA-B5C8-427A-8143-5D571DF3E85E}|Flow.dll;{AEC017D6-7AA7-44B1-9038-7A2CFE58E4C2}|WebControls.dll;{18240ECE-D226-4D6F-8F68-B58DB0FF233D}|Data.dll;{58B51848-349B-4E29-9751-3D7755FBCD3D}|Global.dll;"
		Debug.AspNetCompiler.VirtualPath = "/Web_Admin"
		Debug.AspNetCompiler.PhysicalPath = "Web_Admin\"
		Debug.AspNetCompiler.TargetPath = "PrecompiledWeb\Web_Admin\"
		Debug.AspNetCompiler.Updateable = "true"
		Debug.AspNetCompiler.ForceOverwrite = "true"
		Debug.AspNetCompiler.FixedNames = "false"
		Debug.AspNetCompiler.Debug = "True"
		Release.AspNetCompiler.VirtualPath = "/Web_Admin"
		Release.AspNetCompiler.PhysicalPath = "Web_Admin\"
		Release.AspNetCompiler.TargetPath = "PrecompiledWeb\Web_Admin\"
		Release.AspNetCompiler.Updateable = "true"
		Release.AspNetCompiler.ForceOverwrite = "true"
		Release.AspNetCompiler.FixedNames = "false"
		Release.AspNetCompiler.Debug = "False"
		VWDPort = "63707"
		VWDDynamicPort = "false"
		DefaultWebSiteLanguage = "Visual C#"
	EndProjectSection
EndProject
Project("{E24C65DC-7377-472B-9ABA-BC803B73C61A}") = "Web_Sales", "Web_Sales\", "{4066E552-D1AA-4C66-95C8-49B1A17AE5B8}"
	ProjectSection(WebsiteProperties) = preProject
		SccProjectName = ""
		SccAuxPath = ""
		SccLocalPath = ""
		SccProvider = ""
		TargetFramework = "3.5"
		ProjectReferences = "{18240ECE-D226-4D6F-8F68-B58DB0FF233D}|Data.dll;{AEC017D6-7AA7-44B1-9038-7A2CFE58E4C2}|WebControls.dll;{58B51848-349B-4E29-9751-3D7755FBCD3D}|Global.dll;{4FC486BA-B5C8-427A-8143-5D571DF3E85E}|Flow.dll;{130D3235-5567-4B27-A0B9-EAAADABFA3C2}|DAL.dll;"
		Debug.AspNetCompiler.VirtualPath = "/Web_Sales"
		Debug.AspNetCompiler.PhysicalPath = "Web_Sales\"
		Debug.AspNetCompiler.TargetPath = "PrecompiledWeb\Web_Sales\"
		Debug.AspNetCompiler.Updateable = "true"
		Debug.AspNetCompiler.ForceOverwrite = "true"
		Debug.AspNetCompiler.FixedNames = "false"
		Debug.AspNetCompiler.Debug = "True"
		Release.AspNetCompiler.VirtualPath = "/Web_Sales"
		Release.AspNetCompiler.PhysicalPath = "Web_Sales\"
		Release.AspNetCompiler.TargetPath = "PrecompiledWeb\Web_Sales\"
		Release.AspNetCompiler.Updateable = "true"
		Release.AspNetCompiler.ForceOverwrite = "true"
		Release.AspNetCompiler.FixedNames = "false"
		Release.AspNetCompiler.Debug = "False"
		VWDPort = "63701"
		VWDDynamicPort = "false"
		DefaultWebSiteLanguage = "Visual C#"
	EndProjectSection
EndProject
Project("{E24C65DC-7377-472B-9ABA-BC803B73C61A}") = "Web_Inventory", "Web_Inventory\", "{9F69779C-2C83-4F28-B72B-869B773F67EE}"
	ProjectSection(WebsiteProperties) = preProject
		SccProjectName = ""
		SccAuxPath = ""
		SccLocalPath = ""
		SccProvider = ""
		TargetFramework = "3.5"
		ProjectReferences = "{18240ECE-D226-4D6F-8F68-B58DB0FF233D}|Data.dll;{AEC017D6-7AA7-44B1-9038-7A2CFE58E4C2}|WebControls.dll;{58B51848-349B-4E29-9751-3D7755FBCD3D}|Global.dll;{4FC486BA-B5C8-427A-8143-5D571DF3E85E}|Flow.dll;{130D3235-5567-4B27-A0B9-EAAADABFA3C2}|DAL.dll;"
		Debug.AspNetCompiler.VirtualPath = "/Web_Inventory"
		Debug.AspNetCompiler.PhysicalPath = "Web_Inventory\"
		Debug.AspNetCompiler.TargetPath = "PrecompiledWeb\Web_Inventory\"
		Debug.AspNetCompiler.Updateable = "true"
		Debug.AspNetCompiler.ForceOverwrite = "true"
		Debug.AspNetCompiler.FixedNames = "false"
		Debug.AspNetCompiler.Debug = "True"
		Release.AspNetCompiler.VirtualPath = "/Web_Inventory"
		Release.AspNetCompiler.PhysicalPath = "Web_Inventory\"
		Release.AspNetCompiler.TargetPath = "PrecompiledWeb\Web_Inventory\"
		Release.AspNetCompiler.Updateable = "true"
		Release.AspNetCompiler.ForceOverwrite = "true"
		Release.AspNetCompiler.FixedNames = "false"
		Release.AspNetCompiler.Debug = "False"
		VWDPort = "63702"
		VWDDynamicPort = "false"
		DefaultWebSiteLanguage = "Visual C#"
	EndProjectSection
EndProject
Project("{E24C65DC-7377-472B-9ABA-BC803B73C61A}") = "Web_Purchase", "Web_Purchase\", "{ABF06D55-F8A9-4501-B36A-00D31477D51C}"
	ProjectSection(WebsiteProperties) = preProject
		SccProjectName = ""
		SccAuxPath = ""
		SccLocalPath = ""
		SccProvider = ""
		TargetFramework = "3.5"
		ProjectReferences = "{130D3235-5567-4B27-A0B9-EAAADABFA3C2}|DAL.dll;{4FC486BA-B5C8-427A-8143-5D571DF3E85E}|Flow.dll;{AEC017D6-7AA7-44B1-9038-7A2CFE58E4C2}|WebControls.dll;{18240ECE-D226-4D6F-8F68-B58DB0FF233D}|Data.dll;{58B51848-349B-4E29-9751-3D7755FBCD3D}|Global.dll;"
		Debug.AspNetCompiler.VirtualPath = "/Web_Purchase"
		Debug.AspNetCompiler.PhysicalPath = "Web_Purchase\"
		Debug.AspNetCompiler.TargetPath = "PrecompiledWeb\Web_Purchase\"
		Debug.AspNetCompiler.Updateable = "true"
		Debug.AspNetCompiler.ForceOverwrite = "true"
		Debug.AspNetCompiler.FixedNames = "false"
		Debug.AspNetCompiler.Debug = "True"
		Release.AspNetCompiler.VirtualPath = "/Web_Purchase"
		Release.AspNetCompiler.PhysicalPath = "Web_Purchase\"
		Release.AspNetCompiler.TargetPath = "PrecompiledWeb\Web_Purchase\"
		Release.AspNetCompiler.Updateable = "true"
		Release.AspNetCompiler.ForceOverwrite = "true"
		Release.AspNetCompiler.FixedNames = "false"
		Release.AspNetCompiler.Debug = "False"
		VWDPort = "63703"
		VWDDynamicPort = "false"
		DefaultWebSiteLanguage = "Visual C#"
	EndProjectSection
EndProject
Project("{E24C65DC-7377-472B-9ABA-BC803B73C61A}") = "Web_Production", "Web_Production\", "{5B367197-BFB3-4D1F-A5C1-2F48AC5C1A52}"
	ProjectSection(WebsiteProperties) = preProject
		SccProjectName = ""
		SccAuxPath = ""
		SccLocalPath = ""
		SccProvider = ""
		TargetFramework = "3.5"
		ProjectReferences = "{18240ECE-D226-4D6F-8F68-B58DB0FF233D}|Data.dll;{4FC486BA-B5C8-427A-8143-5D571DF3E85E}|Flow.dll;{AEC017D6-7AA7-44B1-9038-7A2CFE58E4C2}|WebControls.dll;{58B51848-349B-4E29-9751-3D7755FBCD3D}|Global.dll;{130D3235-5567-4B27-A0B9-EAAADABFA3C2}|DAL.dll;"
		Debug.AspNetCompiler.VirtualPath = "/Web_Production"
		Debug.AspNetCompiler.PhysicalPath = "Web_Production\"
		Debug.AspNetCompiler.TargetPath = "PrecompiledWeb\Web_Production\"
		Debug.AspNetCompiler.Updateable = "true"
		Debug.AspNetCompiler.ForceOverwrite = "true"
		Debug.AspNetCompiler.FixedNames = "false"
		Debug.AspNetCompiler.Debug = "True"
		Release.AspNetCompiler.VirtualPath = "/Web_Production"
		Release.AspNetCompiler.PhysicalPath = "Web_Production\"
		Release.AspNetCompiler.TargetPath = "PrecompiledWeb\Web_Production\"
		Release.AspNetCompiler.Updateable = "true"
		Release.AspNetCompiler.ForceOverwrite = "true"
		Release.AspNetCompiler.FixedNames = "false"
		Release.AspNetCompiler.Debug = "False"
		VWDPort = "63704"
		VWDDynamicPort = "false"
		DefaultWebSiteLanguage = "Visual C#"
	EndProjectSection
EndProject
Project("{E24C65DC-7377-472B-9ABA-BC803B73C61A}") = "Web_EIS", "Web_EIS\", "{6D9D5F2F-A178-4539-AD43-5CEE3DC24DA1}"
	ProjectSection(WebsiteProperties) = preProject
		SccProjectName = ""
		SccAuxPath = ""
		SccLocalPath = ""
		SccProvider = ""
		TargetFramework = "3.5"
		ProjectReferences = "{18240ECE-D226-4D6F-8F68-B58DB0FF233D}|Data.dll;{58B51848-349B-4E29-9751-3D7755FBCD3D}|Global.dll;{AEC017D6-7AA7-44B1-9038-7A2CFE58E4C2}|WebControls.dll;{4FC486BA-B5C8-427A-8143-5D571DF3E85E}|Flow.dll;{130D3235-5567-4B27-A0B9-EAAADABFA3C2}|DAL.dll;"
		Debug.AspNetCompiler.VirtualPath = "/Web_EIS"
		Debug.AspNetCompiler.PhysicalPath = "Web_EIS\"
		Debug.AspNetCompiler.TargetPath = "PrecompiledWeb\Web_EIS\"
		Debug.AspNetCompiler.Updateable = "true"
		Debug.AspNetCompiler.ForceOverwrite = "true"
		Debug.AspNetCompiler.FixedNames = "false"
		Debug.AspNetCompiler.Debug = "True"
		Release.AspNetCompiler.VirtualPath = "/Web_EIS"
		Release.AspNetCompiler.PhysicalPath = "Web_EIS\"
		Release.AspNetCompiler.TargetPath = "PrecompiledWeb\Web_EIS\"
		Release.AspNetCompiler.Updateable = "true"
		Release.AspNetCompiler.ForceOverwrite = "true"
		Release.AspNetCompiler.FixedNames = "false"
		Release.AspNetCompiler.Debug = "False"
		VWDPort = "63706"
		VWDDynamicPort = "false"
		DefaultWebSiteLanguage = "Visual C#"
	EndProjectSection
EndProject
Project("{FAE04EC0-301F-11D3-BF4B-00C04F79EFBC}") = "ABBClient", "ABB Client\ABBClient.csproj", "{132CD2B9-18B2-4172-94B8-056A1B13880C}"
EndProject
Project("{54435603-DBB4-11D2-8724-00A0C9A8B90C}") = "ABBClientSetUp", "ABBClientSetUp\ABBClientSetUp.vdproj", "{27D126A5-EB02-4BFF-96D0-9DF4FAE0D2F3}"
EndProject
Project("{E24C65DC-7377-472B-9ABA-BC803B73C61A}") = "Web_Handheld", "Web_Handheld\", "{2D4A3794-996C-47FC-87AB-8681F94E053C}"
	ProjectSection(WebsiteProperties) = preProject
		SccProjectName = ""
		SccAuxPath = ""
		SccLocalPath = ""
		SccProvider = ""
		TargetFramework = "3.5"
		ProjectReferences = "{18240ECE-D226-4D6F-8F68-B58DB0FF233D}|Data.dll;{4FC486BA-B5C8-427A-8143-5D571DF3E85E}|Flow.dll;{58B51848-349B-4E29-9751-3D7755FBCD3D}|Global.dll;{AEC017D6-7AA7-44B1-9038-7A2CFE58E4C2}|WebControls.dll;{130D3235-5567-4B27-A0B9-EAAADABFA3C2}|DAL.dll;"
		Debug.AspNetCompiler.VirtualPath = "/Web_Handheld"
		Debug.AspNetCompiler.PhysicalPath = "Web_Handheld\"
		Debug.AspNetCompiler.TargetPath = "PrecompiledWeb\Web_Handheld\"
		Debug.AspNetCompiler.Updateable = "true"
		Debug.AspNetCompiler.ForceOverwrite = "true"
		Debug.AspNetCompiler.FixedNames = "false"
		Debug.AspNetCompiler.Debug = "True"
		Release.AspNetCompiler.VirtualPath = "/Web_Handheld"
		Release.AspNetCompiler.PhysicalPath = "Web_Handheld\"
		Release.AspNetCompiler.TargetPath = "PrecompiledWeb\Web_Handheld\"
		Release.AspNetCompiler.Updateable = "true"
		Release.AspNetCompiler.ForceOverwrite = "true"
		Release.AspNetCompiler.FixedNames = "false"
		Release.AspNetCompiler.Debug = "False"
		VWDPort = "63708"
		VWDDynamicPort = "false"
		DefaultWebSiteLanguage = "Visual C#"
	EndProjectSection
EndProject
Project("{FAE04EC0-301F-11D3-BF4B-00C04F79EFBC}") = "Global", "Global\Global.csproj", "{58B51848-349B-4E29-9751-3D7755FBCD3D}"
EndProject
Project("{E24C65DC-7377-472B-9ABA-BC803B73C61A}") = "Web_Reports", "Web_Reports\", "{BDC24CBA-9552-44FE-9F76-B9154EB45CD1}"
	ProjectSection(WebsiteProperties) = preProject
		SccProjectName = ""
		SccAuxPath = ""
		SccLocalPath = ""
		SccProvider = ""
		TargetFramework = "3.5"
		ProjectReferences = "{18240ECE-D226-4D6F-8F68-B58DB0FF233D}|Data.dll;"
		Debug.AspNetCompiler.VirtualPath = "/Web_Reports"
		Debug.AspNetCompiler.PhysicalPath = "Web_Reports\"
		Debug.AspNetCompiler.TargetPath = "PrecompiledWeb\Web_Reports\"
		Debug.AspNetCompiler.Updateable = "true"
		Debug.AspNetCompiler.ForceOverwrite = "true"
		Debug.AspNetCompiler.FixedNames = "false"
		Debug.AspNetCompiler.Debug = "True"
		Release.AspNetCompiler.VirtualPath = "/Web_Reports"
		Release.AspNetCompiler.PhysicalPath = "Web_Reports\"
		Release.AspNetCompiler.TargetPath = "PrecompiledWeb\Web_Reports\"
		Release.AspNetCompiler.Updateable = "true"
		Release.AspNetCompiler.ForceOverwrite = "true"
		Release.AspNetCompiler.FixedNames = "false"
		Release.AspNetCompiler.Debug = "False"
		VWDPort = "63705"
		VWDDynamicPort = "false"
		DefaultWebSiteLanguage = "Visual C#"
	EndProjectSection
EndProject
Global
	GlobalSection(SolutionConfigurationPlatforms) = preSolution
		Debug|.NET = Debug|.NET
		Debug|Any CPU = Debug|Any CPU
		Debug|Mixed Platforms = Debug|Mixed Platforms
		Release|.NET = Release|.NET
		Release|Any CPU = Release|Any CPU
		Release|Mixed Platforms = Release|Mixed Platforms
	EndGlobalSection
	GlobalSection(ProjectConfigurationPlatforms) = postSolution
		{130D3235-5567-4B27-A0B9-EAAADABFA3C2}.Debug|.NET.ActiveCfg = Debug|Any CPU
		{130D3235-5567-4B27-A0B9-EAAADABFA3C2}.Debug|Any CPU.ActiveCfg = Debug|Any CPU
		{130D3235-5567-4B27-A0B9-EAAADABFA3C2}.Debug|Any CPU.Build.0 = Debug|Any CPU
		{130D3235-5567-4B27-A0B9-EAAADABFA3C2}.Debug|Mixed Platforms.ActiveCfg = Debug|Any CPU
		{130D3235-5567-4B27-A0B9-EAAADABFA3C2}.Debug|Mixed Platforms.Build.0 = Debug|Any CPU
		{130D3235-5567-4B27-A0B9-EAAADABFA3C2}.Release|.NET.ActiveCfg = Release|Any CPU
		{130D3235-5567-4B27-A0B9-EAAADABFA3C2}.Release|Any CPU.ActiveCfg = Release|Any CPU
		{130D3235-5567-4B27-A0B9-EAAADABFA3C2}.Release|Any CPU.Build.0 = Release|Any CPU
		{130D3235-5567-4B27-A0B9-EAAADABFA3C2}.Release|Mixed Platforms.ActiveCfg = Release|Any CPU
		{130D3235-5567-4B27-A0B9-EAAADABFA3C2}.Release|Mixed Platforms.Build.0 = Release|Any CPU
		{18240ECE-D226-4D6F-8F68-B58DB0FF233D}.Debug|.NET.ActiveCfg = Debug|Any CPU
		{18240ECE-D226-4D6F-8F68-B58DB0FF233D}.Debug|Any CPU.ActiveCfg = Debug|Any CPU
		{18240ECE-D226-4D6F-8F68-B58DB0FF233D}.Debug|Any CPU.Build.0 = Debug|Any CPU
		{18240ECE-D226-4D6F-8F68-B58DB0FF233D}.Debug|Mixed Platforms.ActiveCfg = Debug|Any CPU
		{18240ECE-D226-4D6F-8F68-B58DB0FF233D}.Debug|Mixed Platforms.Build.0 = Debug|Any CPU
		{18240ECE-D226-4D6F-8F68-B58DB0FF233D}.Release|.NET.ActiveCfg = Release|Any CPU
		{18240ECE-D226-4D6F-8F68-B58DB0FF233D}.Release|Any CPU.ActiveCfg = Release|Any CPU
		{18240ECE-D226-4D6F-8F68-B58DB0FF233D}.Release|Any CPU.Build.0 = Release|Any CPU
		{18240ECE-D226-4D6F-8F68-B58DB0FF233D}.Release|Mixed Platforms.ActiveCfg = Release|Any CPU
		{18240ECE-D226-4D6F-8F68-B58DB0FF233D}.Release|Mixed Platforms.Build.0 = Release|Any CPU
		{4FC486BA-B5C8-427A-8143-5D571DF3E85E}.Debug|.NET.ActiveCfg = Debug|Any CPU
		{4FC486BA-B5C8-427A-8143-5D571DF3E85E}.Debug|Any CPU.ActiveCfg = Debug|Any CPU
		{4FC486BA-B5C8-427A-8143-5D571DF3E85E}.Debug|Any CPU.Build.0 = Debug|Any CPU
		{4FC486BA-B5C8-427A-8143-5D571DF3E85E}.Debug|Mixed Platforms.ActiveCfg = Debug|Any CPU
		{4FC486BA-B5C8-427A-8143-5D571DF3E85E}.Debug|Mixed Platforms.Build.0 = Debug|Any CPU
		{4FC486BA-B5C8-427A-8143-5D571DF3E85E}.Release|.NET.ActiveCfg = Release|Any CPU
		{4FC486BA-B5C8-427A-8143-5D571DF3E85E}.Release|Any CPU.ActiveCfg = Release|Any CPU
		{4FC486BA-B5C8-427A-8143-5D571DF3E85E}.Release|Any CPU.Build.0 = Release|Any CPU
		{4FC486BA-B5C8-427A-8143-5D571DF3E85E}.Release|Mixed Platforms.ActiveCfg = Release|Any CPU
		{4FC486BA-B5C8-427A-8143-5D571DF3E85E}.Release|Mixed Platforms.Build.0 = Release|Any CPU
		{AEC017D6-7AA7-44B1-9038-7A2CFE58E4C2}.Debug|.NET.ActiveCfg = Debug|Any CPU
		{AEC017D6-7AA7-44B1-9038-7A2CFE58E4C2}.Debug|Any CPU.ActiveCfg = Debug|Any CPU
		{AEC017D6-7AA7-44B1-9038-7A2CFE58E4C2}.Debug|Any CPU.Build.0 = Debug|Any CPU
		{AEC017D6-7AA7-44B1-9038-7A2CFE58E4C2}.Debug|Mixed Platforms.ActiveCfg = Debug|Any CPU
		{AEC017D6-7AA7-44B1-9038-7A2CFE58E4C2}.Debug|Mixed Platforms.Build.0 = Debug|Any CPU
		{AEC017D6-7AA7-44B1-9038-7A2CFE58E4C2}.Release|.NET.ActiveCfg = Release|Any CPU
		{AEC017D6-7AA7-44B1-9038-7A2CFE58E4C2}.Release|Any CPU.ActiveCfg = Release|Any CPU
		{AEC017D6-7AA7-44B1-9038-7A2CFE58E4C2}.Release|Any CPU.Build.0 = Release|Any CPU
		{AEC017D6-7AA7-44B1-9038-7A2CFE58E4C2}.Release|Mixed Platforms.ActiveCfg = Release|Any CPU
		{AEC017D6-7AA7-44B1-9038-7A2CFE58E4C2}.Release|Mixed Platforms.Build.0 = Release|Any CPU
		{555C052B-CA3A-4482-9E96-EB079A3570C6}.Debug|.NET.ActiveCfg = Debug|.NET
		{555C052B-CA3A-4482-9E96-EB079A3570C6}.Debug|.NET.Build.0 = Debug|.NET
		{555C052B-CA3A-4482-9E96-EB079A3570C6}.Debug|Any CPU.ActiveCfg = Debug|.NET
		{555C052B-CA3A-4482-9E96-EB079A3570C6}.Debug|Any CPU.Build.0 = Debug|.NET
		{555C052B-CA3A-4482-9E96-EB079A3570C6}.Debug|Mixed Platforms.ActiveCfg = Debug|.NET
		{555C052B-CA3A-4482-9E96-EB079A3570C6}.Release|.NET.ActiveCfg = Debug|.NET
		{555C052B-CA3A-4482-9E96-EB079A3570C6}.Release|.NET.Build.0 = Debug|.NET
		{555C052B-CA3A-4482-9E96-EB079A3570C6}.Release|Any CPU.ActiveCfg = Debug|.NET
		{555C052B-CA3A-4482-9E96-EB079A3570C6}.Release|Mixed Platforms.ActiveCfg = Debug|.NET
		{555C052B-CA3A-4482-9E96-EB079A3570C6}.Release|Mixed Platforms.Build.0 = Debug|.NET
		{4066E552-D1AA-4C66-95C8-49B1A17AE5B8}.Debug|.NET.ActiveCfg = Debug|.NET
		{4066E552-D1AA-4C66-95C8-49B1A17AE5B8}.Debug|.NET.Build.0 = Debug|.NET
		{4066E552-D1AA-4C66-95C8-49B1A17AE5B8}.Debug|Any CPU.ActiveCfg = Debug|.NET
		{4066E552-D1AA-4C66-95C8-49B1A17AE5B8}.Debug|Any CPU.Build.0 = Debug|.NET
		{4066E552-D1AA-4C66-95C8-49B1A17AE5B8}.Debug|Mixed Platforms.ActiveCfg = Debug|.NET
		{4066E552-D1AA-4C66-95C8-49B1A17AE5B8}.Release|.NET.ActiveCfg = Debug|.NET
		{4066E552-D1AA-4C66-95C8-49B1A17AE5B8}.Release|.NET.Build.0 = Debug|.NET
		{4066E552-D1AA-4C66-95C8-49B1A17AE5B8}.Release|Any CPU.ActiveCfg = Debug|.NET
		{4066E552-D1AA-4C66-95C8-49B1A17AE5B8}.Release|Mixed Platforms.ActiveCfg = Debug|.NET
		{4066E552-D1AA-4C66-95C8-49B1A17AE5B8}.Release|Mixed Platforms.Build.0 = Debug|.NET
		{9F69779C-2C83-4F28-B72B-869B773F67EE}.Debug|.NET.ActiveCfg = Debug|.NET
		{9F69779C-2C83-4F28-B72B-869B773F67EE}.Debug|.NET.Build.0 = Debug|.NET
		{9F69779C-2C83-4F28-B72B-869B773F67EE}.Debug|Any CPU.ActiveCfg = Debug|.NET
		{9F69779C-2C83-4F28-B72B-869B773F67EE}.Debug|Any CPU.Build.0 = Debug|.NET
		{9F69779C-2C83-4F28-B72B-869B773F67EE}.Debug|Mixed Platforms.ActiveCfg = Debug|.NET
		{9F69779C-2C83-4F28-B72B-869B773F67EE}.Release|.NET.ActiveCfg = Debug|.NET
		{9F69779C-2C83-4F28-B72B-869B773F67EE}.Release|.NET.Build.0 = Debug|.NET
		{9F69779C-2C83-4F28-B72B-869B773F67EE}.Release|Any CPU.ActiveCfg = Debug|.NET
		{9F69779C-2C83-4F28-B72B-869B773F67EE}.Release|Mixed Platforms.ActiveCfg = Debug|.NET
		{9F69779C-2C83-4F28-B72B-869B773F67EE}.Release|Mixed Platforms.Build.0 = Debug|.NET
		{ABF06D55-F8A9-4501-B36A-00D31477D51C}.Debug|.NET.ActiveCfg = Debug|.NET
		{ABF06D55-F8A9-4501-B36A-00D31477D51C}.Debug|.NET.Build.0 = Debug|.NET
		{ABF06D55-F8A9-4501-B36A-00D31477D51C}.Debug|Any CPU.ActiveCfg = Debug|.NET
		{ABF06D55-F8A9-4501-B36A-00D31477D51C}.Debug|Any CPU.Build.0 = Debug|.NET
		{ABF06D55-F8A9-4501-B36A-00D31477D51C}.Debug|Mixed Platforms.ActiveCfg = Debug|.NET
		{ABF06D55-F8A9-4501-B36A-00D31477D51C}.Release|.NET.ActiveCfg = Debug|.NET
		{ABF06D55-F8A9-4501-B36A-00D31477D51C}.Release|.NET.Build.0 = Debug|.NET
		{ABF06D55-F8A9-4501-B36A-00D31477D51C}.Release|Any CPU.ActiveCfg = Debug|.NET
		{ABF06D55-F8A9-4501-B36A-00D31477D51C}.Release|Mixed Platforms.ActiveCfg = Debug|.NET
		{ABF06D55-F8A9-4501-B36A-00D31477D51C}.Release|Mixed Platforms.Build.0 = Debug|.NET
		{5B367197-BFB3-4D1F-A5C1-2F48AC5C1A52}.Debug|.NET.ActiveCfg = Debug|.NET
		{5B367197-BFB3-4D1F-A5C1-2F48AC5C1A52}.Debug|.NET.Build.0 = Debug|.NET
		{5B367197-BFB3-4D1F-A5C1-2F48AC5C1A52}.Debug|Any CPU.ActiveCfg = Debug|.NET
		{5B367197-BFB3-4D1F-A5C1-2F48AC5C1A52}.Debug|Any CPU.Build.0 = Debug|.NET
		{5B367197-BFB3-4D1F-A5C1-2F48AC5C1A52}.Debug|Mixed Platforms.ActiveCfg = Debug|.NET
		{5B367197-BFB3-4D1F-A5C1-2F48AC5C1A52}.Release|.NET.ActiveCfg = Debug|.NET
		{5B367197-BFB3-4D1F-A5C1-2F48AC5C1A52}.Release|.NET.Build.0 = Debug|.NET
		{5B367197-BFB3-4D1F-A5C1-2F48AC5C1A52}.Release|Any CPU.ActiveCfg = Debug|.NET
		{5B367197-BFB3-4D1F-A5C1-2F48AC5C1A52}.Release|Mixed Platforms.ActiveCfg = Debug|.NET
		{5B367197-BFB3-4D1F-A5C1-2F48AC5C1A52}.Release|Mixed Platforms.Build.0 = Debug|.NET
		{6D9D5F2F-A178-4539-AD43-5CEE3DC24DA1}.Debug|.NET.ActiveCfg = Debug|.NET
		{6D9D5F2F-A178-4539-AD43-5CEE3DC24DA1}.Debug|.NET.Build.0 = Debug|.NET
		{6D9D5F2F-A178-4539-AD43-5CEE3DC24DA1}.Debug|Any CPU.ActiveCfg = Debug|.NET
		{6D9D5F2F-A178-4539-AD43-5CEE3DC24DA1}.Debug|Any CPU.Build.0 = Debug|.NET
		{6D9D5F2F-A178-4539-AD43-5CEE3DC24DA1}.Debug|Mixed Platforms.ActiveCfg = Debug|.NET
		{6D9D5F2F-A178-4539-AD43-5CEE3DC24DA1}.Release|.NET.ActiveCfg = Debug|.NET
		{6D9D5F2F-A178-4539-AD43-5CEE3DC24DA1}.Release|.NET.Build.0 = Debug|.NET
		{6D9D5F2F-A178-4539-AD43-5CEE3DC24DA1}.Release|Any CPU.ActiveCfg = Debug|.NET
		{6D9D5F2F-A178-4539-AD43-5CEE3DC24DA1}.Release|Mixed Platforms.ActiveCfg = Debug|.NET
		{6D9D5F2F-A178-4539-AD43-5CEE3DC24DA1}.Release|Mixed Platforms.Build.0 = Debug|.NET
		{132CD2B9-18B2-4172-94B8-056A1B13880C}.Debug|.NET.ActiveCfg = Debug|Any CPU
		{132CD2B9-18B2-4172-94B8-056A1B13880C}.Debug|Any CPU.ActiveCfg = Debug|Any CPU
		{132CD2B9-18B2-4172-94B8-056A1B13880C}.Debug|Any CPU.Build.0 = Debug|Any CPU
		{132CD2B9-18B2-4172-94B8-056A1B13880C}.Debug|Mixed Platforms.ActiveCfg = Debug|Any CPU
		{132CD2B9-18B2-4172-94B8-056A1B13880C}.Debug|Mixed Platforms.Build.0 = Debug|Any CPU
		{132CD2B9-18B2-4172-94B8-056A1B13880C}.Release|.NET.ActiveCfg = Release|Any CPU
		{132CD2B9-18B2-4172-94B8-056A1B13880C}.Release|Any CPU.ActiveCfg = Release|Any CPU
		{132CD2B9-18B2-4172-94B8-056A1B13880C}.Release|Any CPU.Build.0 = Release|Any CPU
		{132CD2B9-18B2-4172-94B8-056A1B13880C}.Release|Mixed Platforms.ActiveCfg = Release|Any CPU
		{132CD2B9-18B2-4172-94B8-056A1B13880C}.Release|Mixed Platforms.Build.0 = Release|Any CPU
		{27D126A5-EB02-4BFF-96D0-9DF4FAE0D2F3}.Debug|.NET.ActiveCfg = Debug
		{27D126A5-EB02-4BFF-96D0-9DF4FAE0D2F3}.Debug|Any CPU.ActiveCfg = Debug
		{27D126A5-EB02-4BFF-96D0-9DF4FAE0D2F3}.Debug|Any CPU.Build.0 = Debug
		{27D126A5-EB02-4BFF-96D0-9DF4FAE0D2F3}.Debug|Mixed Platforms.ActiveCfg = Debug
		{27D126A5-EB02-4BFF-96D0-9DF4FAE0D2F3}.Release|.NET.ActiveCfg = Release
		{27D126A5-EB02-4BFF-96D0-9DF4FAE0D2F3}.Release|Any CPU.ActiveCfg = Release
		{27D126A5-EB02-4BFF-96D0-9DF4FAE0D2F3}.Release|Mixed Platforms.ActiveCfg = Release
		{2D4A3794-996C-47FC-87AB-8681F94E053C}.Debug|.NET.ActiveCfg = Debug|.NET
		{2D4A3794-996C-47FC-87AB-8681F94E053C}.Debug|.NET.Build.0 = Debug|.NET
		{2D4A3794-996C-47FC-87AB-8681F94E053C}.Debug|Any CPU.ActiveCfg = Debug|.NET
		{2D4A3794-996C-47FC-87AB-8681F94E053C}.Debug|Any CPU.Build.0 = Debug|.NET
		{2D4A3794-996C-47FC-87AB-8681F94E053C}.Debug|Mixed Platforms.ActiveCfg = Debug|.NET
		{2D4A3794-996C-47FC-87AB-8681F94E053C}.Release|.NET.ActiveCfg = Debug|.NET
		{2D4A3794-996C-47FC-87AB-8681F94E053C}.Release|.NET.Build.0 = Debug|.NET
		{2D4A3794-996C-47FC-87AB-8681F94E053C}.Release|Any CPU.ActiveCfg = Debug|.NET
		{2D4A3794-996C-47FC-87AB-8681F94E053C}.Release|Mixed Platforms.ActiveCfg = Debug|.NET
		{2D4A3794-996C-47FC-87AB-8681F94E053C}.Release|Mixed Platforms.Build.0 = Debug|.NET
		{58B51848-349B-4E29-9751-3D7755FBCD3D}.Debug|.NET.ActiveCfg = Debug|Any CPU
		{58B51848-349B-4E29-9751-3D7755FBCD3D}.Debug|Any CPU.ActiveCfg = Debug|Any CPU
		{58B51848-349B-4E29-9751-3D7755FBCD3D}.Debug|Any CPU.Build.0 = Debug|Any CPU
		{58B51848-349B-4E29-9751-3D7755FBCD3D}.Debug|Mixed Platforms.ActiveCfg = Debug|Any CPU
		{58B51848-349B-4E29-9751-3D7755FBCD3D}.Debug|Mixed Platforms.Build.0 = Debug|Any CPU
		{58B51848-349B-4E29-9751-3D7755FBCD3D}.Release|.NET.ActiveCfg = Release|Any CPU
		{58B51848-349B-4E29-9751-3D7755FBCD3D}.Release|Any CPU.ActiveCfg = Release|Any CPU
		{58B51848-349B-4E29-9751-3D7755FBCD3D}.Release|Any CPU.Build.0 = Release|Any CPU
		{58B51848-349B-4E29-9751-3D7755FBCD3D}.Release|Mixed Platforms.ActiveCfg = Release|Any CPU
		{58B51848-349B-4E29-9751-3D7755FBCD3D}.Release|Mixed Platforms.Build.0 = Release|Any CPU
		{BDC24CBA-9552-44FE-9F76-B9154EB45CD1}.Debug|.NET.ActiveCfg = Debug|.NET
		{BDC24CBA-9552-44FE-9F76-B9154EB45CD1}.Debug|.NET.Build.0 = Debug|.NET
		{BDC24CBA-9552-44FE-9F76-B9154EB45CD1}.Debug|Any CPU.ActiveCfg = Debug|.NET
		{BDC24CBA-9552-44FE-9F76-B9154EB45CD1}.Debug|Any CPU.Build.0 = Debug|.NET
		{BDC24CBA-9552-44FE-9F76-B9154EB45CD1}.Debug|Mixed Platforms.ActiveCfg = Debug|.NET
		{BDC24CBA-9552-44FE-9F76-B9154EB45CD1}.Release|.NET.ActiveCfg = Debug|.NET
		{BDC24CBA-9552-44FE-9F76-B9154EB45CD1}.Release|.NET.Build.0 = Debug|.NET
		{BDC24CBA-9552-44FE-9F76-B9154EB45CD1}.Release|Any CPU.ActiveCfg = Debug|.NET
		{BDC24CBA-9552-44FE-9F76-B9154EB45CD1}.Release|Mixed Platforms.ActiveCfg = Debug|.NET
		{BDC24CBA-9552-44FE-9F76-B9154EB45CD1}.Release|Mixed Platforms.Build.0 = Debug|.NET
	EndGlobalSection
	GlobalSection(SolutionProperties) = preSolution
		HideSolutionNode = FALSE
	EndGlobalSection
EndGlobal
